
Microsoft Visual Studio Solution File, Format Version 12.00
# Visual Studio 15
VisualStudioVersion = 15.0.27130.2026
MinimumVisualStudioVersion = 10.0.40219.1
Project("{FAE04EC0-301F-11D3-BF4B-00C04F79EFBC}") = "RouletteGame.Legacy", "RouletteGame.Legacy\RouletteGame.Legacy.csproj", "{1AB7B83B-BB38-4CFA-A8BB-45EAB136CF91}"
EndProject
Project("{FAE04EC0-301F-11D3-BF4B-00C04F79EFBC}") = "RouletteGame.Test.Unit", "RouletteGame.Test.Unit\RouletteGame.Test.Unit.csproj", "{3256674A-238A-4674-94AD-43CF6BD6CBF1}"
EndProject
Global
	GlobalSection(SolutionConfigurationPlatforms) = preSolution
		Debug|Any CPU = Debug|Any CPU
		Release|Any CPU = Release|Any CPU
	EndGlobalSection
	GlobalSection(ProjectConfigurationPlatforms) = postSolution
		{1AB7B83B-BB38-4CFA-A8BB-45EAB136CF91}.Debug|Any CPU.ActiveCfg = Debug|Any CPU
		{1AB7B83B-BB38-4CFA-A8BB-45EAB136CF91}.Debug|Any CPU.Build.0 = Debug|Any CPU
		{1AB7B83B-BB38-4CFA-A8BB-45EAB136CF91}.Release|Any CPU.ActiveCfg = Release|Any CPU
		{1AB7B83B-BB38-4CFA-A8BB-45EAB136CF91}.Release|Any CPU.Build.0 = Release|Any CPU
		{3256674A-238A-4674-94AD-43CF6BD6CBF1}.Debug|Any CPU.ActiveCfg = Debug|Any CPU
		{3256674A-238A-4674-94AD-43CF6BD6CBF1}.Debug|Any CPU.Build.0 = Debug|Any CPU
		{3256674A-238A-4674-94AD-43CF6BD6CBF1}.Release|Any CPU.ActiveCfg = Release|Any CPU
		{3256674A-238A-4674-94AD-43CF6BD6CBF1}.Release|Any CPU.Build.0 = Release|Any CPU
	EndGlobalSection
	GlobalSection(SolutionProperties) = preSolution
		HideSolutionNode = FALSE
	EndGlobalSection
	GlobalSection(ExtensibilityGlobals) = postSolution
		SolutionGuid = {DA3D0AA0-1779-4D3A-AEE7-405DE540E2DB}
	EndGlobalSection
EndGlobal
